
Microsoft Visual Studio Solution File, Format Version 12.00
# Visual Studio Version 16
VisualStudioVersion = 16.0.30621.155
MinimumVisualStudioVersion = 10.0.40219.1
Project("{FAE04EC0-301F-11D3-BF4B-00C04F79EFBC}") = "TINH DTB", "TINH DTB\TINH DTB.csproj", "{99F04FB8-CBA2-44C0-9662-9BA4433C21D7}"
EndProject
Global
	GlobalSection(SolutionConfigurationPlatforms) = preSolution
		Debug|Any CPU = Debug|Any CPU
		Release|Any CPU = Release|Any CPU
	EndGlobalSection
	GlobalSection(ProjectConfigurationPlatforms) = postSolution
		{99F04FB8-CBA2-44C0-9662-9BA4433C21D7}.Debug|Any CPU.ActiveCfg = Debug|Any CPU
		{99F04FB8-CBA2-44C0-9662-9BA4433C21D7}.Debug|Any CPU.Build.0 = Debug|Any CPU
		{99F04FB8-CBA2-44C0-9662-9BA4433C21D7}.Release|Any CPU.ActiveCfg = Release|Any CPU
		{99F04FB8-CBA2-44C0-9662-9BA4433C21D7}.Release|Any CPU.Build.0 = Release|Any CPU
	EndGlobalSection
	GlobalSection(SolutionProperties) = preSolution
		HideSolutionNode = FALSE
	EndGlobalSection
	GlobalSection(ExtensibilityGlobals) = postSolution
		SolutionGuid = {F1A18812-BA49-4375-9ADE-846DB748DB41}
	EndGlobalSection
EndGlobal
